PODS:
  - AppsOnAir-AppRemark (0.1.0):
    - AppsOnAir-Core
    - iOSDropDown
    - IQKeyboardManagerSwift (~> 6.5.16)
    - Toast-Swift
    - ZLImageEditor
  - AppsOnAir-Core (0.0.1):
    - ReachabilitySwift
  - Flutter (3.13.0)
  - iOSDropDown (0.4.0)
  - IQKeyboardManagerSwift (6.5.16)
  - ReachabilitySwift (5.2.4)
  - Toast-Swift (5.1.1)
  - ZLImageEditor (2.0.3):
    - ZLImageEditor/Core (= 2.0.3)
  - ZLImageEditor/Core (2.0.3)

DEPENDENCIES:
  - AppsOnAir-AppRemark
  - Flutter

SPEC REPOS:
  trunk:
    - AppsOnAir-AppRemark
    - AppsOnAir-Core
    - Flutter
    - iOSDropDown
    - IQKeyboardManagerSwift
    - ReachabilitySwift
    - Toast-Swift
    - ZLImageEditor

SPEC CHECKSUMS:
  AppsOnAir-AppRemark: 7bb45a97b03d17cef400d20e6b08160b36228e34
  AppsOnAir-Core: 220848815951591f32fd61a5b28e4a9cf83d0d96
  Flutter: 8ff16720b007bae16abfe75ef9fe3ee45ead486a
  iOSDropDown: ce9daa584eaa5567cafc1b633e3cc7eb6d9cea42
  IQKeyboardManagerSwift: 12d89768845bb77b55cc092ecc2b1f9370f06b76
  ReachabilitySwift: 32793e867593cfc1177f5d16491e3a197d2fccda
  Toast-Swift: 7a03a532afe3a560d4044bc7c237e2864d295173
  ZLImageEditor: 56ca892136c1c2d9a4e5ad6c4b961259a5219bef

PODFILE CHECKSUM: 7560140152f7f12e0cbc8be36ce3ecca70822602

COCOAPODS: 1.16.2
